
Microsoft Visual Studio Solution File, Format Version 12.00
# Visual Studio 2012
Project("{FAE04EC0-301F-11D3-BF4B-00C04F79EFBC}") = "Web", "Web\Web.csproj", "{74F7ED0F-6166-4732-AFE7-00DED3C56706}"
	ProjectSection(ProjectDependencies) = postProject
		{8B64AF1D-0F93-40F7-921B-59B2DD8228AB} = {8B64AF1D-0F93-40F7-921B-59B2DD8228AB}
		{75235E4B-393A-4E39-8DE9-E6FDC2B2D55D} = {75235E4B-393A-4E39-8DE9-E6FDC2B2D55D}
		{71568A82-D403-47F5-8928-AC80AA5EA642} = {71568A82-D403-47F5-8928-AC80AA5EA642}
		{97A2D3BC-C3C7-443C-92F9-5C89A3166082} = {97A2D3BC-C3C7-443C-92F9-5C89A3166082}
		{55DEC9F4-CAC0-4408-B6DD-E0EF47FDCB18} = {55DEC9F4-CAC0-4408-B6DD-E0EF47FDCB18}
	EndProjectSection
EndProject
Project("{FAE04EC0-301F-11D3-BF4B-00C04F79EFBC}") = "Models", "Models\Models.csproj", "{8B64AF1D-0F93-40F7-921B-59B2DD8228AB}"
	ProjectSection(ProjectDependencies) = postProject
		{75235E4B-393A-4E39-8DE9-E6FDC2B2D55D} = {75235E4B-393A-4E39-8DE9-E6FDC2B2D55D}
		{55DEC9F4-CAC0-4408-B6DD-E0EF47FDCB18} = {55DEC9F4-CAC0-4408-B6DD-E0EF47FDCB18}
	EndProjectSection
EndProject
Project("{FAE04EC0-301F-11D3-BF4B-00C04F79EFBC}") = "Services", "Services\Services.csproj", "{97A2D3BC-C3C7-443C-92F9-5C89A3166082}"
	ProjectSection(ProjectDependencies) = postProject
		{8B64AF1D-0F93-40F7-921B-59B2DD8228AB} = {8B64AF1D-0F93-40F7-921B-59B2DD8228AB}
		{71568A82-D403-47F5-8928-AC80AA5EA642} = {71568A82-D403-47F5-8928-AC80AA5EA642}
	EndProjectSection
EndProject
Project("{FAE04EC0-301F-11D3-BF4B-00C04F79EFBC}") = "Common", "Common\Common.csproj", "{55DEC9F4-CAC0-4408-B6DD-E0EF47FDCB18}"
EndProject
Project("{FAE04EC0-301F-11D3-BF4B-00C04F79EFBC}") = "LanguagePack", "LanguagePack\LanguagePack.csproj", "{75235E4B-393A-4E39-8DE9-E6FDC2B2D55D}"
EndProject
Project("{FAE04EC0-301F-11D3-BF4B-00C04F79EFBC}") = "IServices", "IServices\IServices.csproj", "{71568A82-D403-47F5-8928-AC80AA5EA642}"
EndProject
Project("{2150E333-8FDC-42A3-9474-1A3956D46DE8}") = ".nuget", ".nuget", "{F79DEB30-22CC-4862-84A8-871FF9EF052B}"
	ProjectSection(SolutionItems) = preProject
		.nuget\NuGet.Config = .nuget\NuGet.Config
		.nuget\NuGet.exe = .nuget\NuGet.exe
		.nuget\NuGet.targets = .nuget\NuGet.targets
	EndProjectSection
EndProject
Project("{2150E333-8FDC-42A3-9474-1A3956D46DE8}") = "Read Me", "Read Me", "{0BD5CC60-A773-4515-816E-3B574E9CD1BD}"
EndProject
Global
	GlobalSection(SolutionConfigurationPlatforms) = preSolution
		Debug|Any CPU = Debug|Any CPU
		Release|Any CPU = Release|Any CPU
	EndGlobalSection
	GlobalSection(ProjectConfigurationPlatforms) = postSolution
		{74F7ED0F-6166-4732-AFE7-00DED3C56706}.Debug|Any CPU.ActiveCfg = Release|Any CPU
		{74F7ED0F-6166-4732-AFE7-00DED3C56706}.Debug|Any CPU.Build.0 = Release|Any CPU
		{74F7ED0F-6166-4732-AFE7-00DED3C56706}.Release|Any CPU.ActiveCfg = Release|Any CPU
		{74F7ED0F-6166-4732-AFE7-00DED3C56706}.Release|Any CPU.Build.0 = Release|Any CPU
		{8B64AF1D-0F93-40F7-921B-59B2DD8228AB}.Debug|Any CPU.ActiveCfg = Release|Any CPU
		{8B64AF1D-0F93-40F7-921B-59B2DD8228AB}.Debug|Any CPU.Build.0 = Release|Any CPU
		{8B64AF1D-0F93-40F7-921B-59B2DD8228AB}.Release|Any CPU.ActiveCfg = Release|Any CPU
		{8B64AF1D-0F93-40F7-921B-59B2DD8228AB}.Release|Any CPU.Build.0 = Release|Any CPU
		{8B64AF1D-0F93-40F7-921B-59B2DD8228AB}.Release|Any CPU.Deploy.0 = Release|Any CPU
		{97A2D3BC-C3C7-443C-92F9-5C89A3166082}.Debug|Any CPU.ActiveCfg = Release|Any CPU
		{97A2D3BC-C3C7-443C-92F9-5C89A3166082}.Debug|Any CPU.Build.0 = Release|Any CPU
		{97A2D3BC-C3C7-443C-92F9-5C89A3166082}.Release|Any CPU.ActiveCfg = Release|Any CPU
		{97A2D3BC-C3C7-443C-92F9-5C89A3166082}.Release|Any CPU.Build.0 = Release|Any CPU
		{97A2D3BC-C3C7-443C-92F9-5C89A3166082}.Release|Any CPU.Deploy.0 = Release|Any CPU
		{55DEC9F4-CAC0-4408-B6DD-E0EF47FDCB18}.Debug|Any CPU.ActiveCfg = Release|Any CPU
		{55DEC9F4-CAC0-4408-B6DD-E0EF47FDCB18}.Debug|Any CPU.Build.0 = Release|Any CPU
		{55DEC9F4-CAC0-4408-B6DD-E0EF47FDCB18}.Release|Any CPU.ActiveCfg = Release|Any CPU
		{55DEC9F4-CAC0-4408-B6DD-E0EF47FDCB18}.Release|Any CPU.Build.0 = Release|Any CPU
		{75235E4B-393A-4E39-8DE9-E6FDC2B2D55D}.Debug|Any CPU.ActiveCfg = Release|Any CPU
		{75235E4B-393A-4E39-8DE9-E6FDC2B2D55D}.Debug|Any CPU.Build.0 = Release|Any CPU
		{75235E4B-393A-4E39-8DE9-E6FDC2B2D55D}.Release|Any CPU.ActiveCfg = Release|Any CPU
		{75235E4B-393A-4E39-8DE9-E6FDC2B2D55D}.Release|Any CPU.Build.0 = Release|Any CPU
		{75235E4B-393A-4E39-8DE9-E6FDC2B2D55D}.Release|Any CPU.Deploy.0 = Release|Any CPU
		{71568A82-D403-47F5-8928-AC80AA5EA642}.Debug|Any CPU.ActiveCfg = Release|Any CPU
		{71568A82-D403-47F5-8928-AC80AA5EA642}.Debug|Any CPU.Build.0 = Release|Any CPU
		{71568A82-D403-47F5-8928-AC80AA5EA642}.Release|Any CPU.ActiveCfg = Release|Any CPU
		{71568A82-D403-47F5-8928-AC80AA5EA642}.Release|Any CPU.Build.0 = Release|Any CPU
		{71568A82-D403-47F5-8928-AC80AA5EA642}.Release|Any CPU.Deploy.0 = Release|Any CPU
	EndGlobalSection
	GlobalSection(SolutionProperties) = preSolution
		HideSolutionNode = FALSE
	EndGlobalSection
EndGlobal
